
Microsoft Visual Studio Solution File, Format Version 12.00
# Visual Studio Version 17
VisualStudioVersion = 17.11.35219.272
MinimumVisualStudioVersion = 10.0.40219.1
Project("{FAE04EC0-301F-11D3-BF4B-00C04F79EFBC}") = "AssignmentDotNet", "AssignmentDotNet\AssignmentDotNet.csproj", "{DEF33A67-76DC-4A87-8E41-2F83ECEDDBF8}"
EndProject
Global
	GlobalSection(SolutionConfigurationPlatforms) = preSolution
		Debug|Any CPU = Debug|Any CPU
		Release|Any CPU = Release|Any CPU
	EndGlobalSection
	GlobalSection(ProjectConfigurationPlatforms) = postSolution
		{DEF33A67-76DC-4A87-8E41-2F83ECEDDBF8}.Debug|Any CPU.ActiveCfg = Debug|Any CPU
		{DEF33A67-76DC-4A87-8E41-2F83ECEDDBF8}.Debug|Any CPU.Build.0 = Debug|Any CPU
		{DEF33A67-76DC-4A87-8E41-2F83ECEDDBF8}.Release|Any CPU.ActiveCfg = Release|Any CPU
		{DEF33A67-76DC-4A87-8E41-2F83ECEDDBF8}.Release|Any CPU.Build.0 = Release|Any CPU
	EndGlobalSection
	GlobalSection(SolutionProperties) = preSolution
		HideSolutionNode = FALSE
	EndGlobalSection
	GlobalSection(ExtensibilityGlobals) = postSolution
		SolutionGuid = {636BB51D-9FE2-4AE6-BA89-B39B3EC13C58}
	EndGlobalSection
EndGlobal
